
Microsoft Visual Studio Solution File, Format Version 12.00
# Visual Studio 2015
Project("{FAE04EC0-301F-11D3-BF4B-00C04F79EFBC}") = "Breakout.CSharp.Plugins", "Breakout.CSharp.Plugins.csproj", "{091EFFDB-EB61-883F-3DBC-9FA34E88F2DB}"
EndProject
Project("{FAE04EC0-301F-11D3-BF4B-00C04F79EFBC}") = "Breakout.CSharp.Editor", "Breakout.CSharp.Editor.csproj", "{12D8AD9A-48FF-0DE2-F775-E3CA0E912E8B}"
EndProject
Global
	GlobalSection(SolutionConfigurationPlatforms) = preSolution
		Debug|Any CPU = Debug|Any CPU
		Release|Any CPU = Release|Any CPU
	EndGlobalSection
	GlobalSection(ProjectConfigurationPlatforms) = postSolution
		{091EFFDB-EB61-883F-3DBC-9FA34E88F2DB}.Debug|Any CPU.ActiveCfg = Debug|Any CPU
		{091EFFDB-EB61-883F-3DBC-9FA34E88F2DB}.Debug|Any CPU.Build.0 = Debug|Any CPU
		{091EFFDB-EB61-883F-3DBC-9FA34E88F2DB}.Release|Any CPU.ActiveCfg = Release|Any CPU
		{091EFFDB-EB61-883F-3DBC-9FA34E88F2DB}.Release|Any CPU.Build.0 = Release|Any CPU
		{12D8AD9A-48FF-0DE2-F775-E3CA0E912E8B}.Debug|Any CPU.ActiveCfg = Debug|Any CPU
		{12D8AD9A-48FF-0DE2-F775-E3CA0E912E8B}.Debug|Any CPU.Build.0 = Debug|Any CPU
		{12D8AD9A-48FF-0DE2-F775-E3CA0E912E8B}.Release|Any CPU.ActiveCfg = Release|Any CPU
		{12D8AD9A-48FF-0DE2-F775-E3CA0E912E8B}.Release|Any CPU.Build.0 = Release|Any CPU
	EndGlobalSection
	GlobalSection(SolutionProperties) = preSolution
		HideSolutionNode = FALSE
	EndGlobalSection
EndGlobal
